
Microsoft Visual Studio Solution File, Format Version 12.00
# Visual Studio Version 17
VisualStudioVersion = 17.3.32901.215
MinimumVisualStudioVersion = 10.0.40219.1
Project("{FAE04EC0-301F-11D3-BF4B-00C04F79EFBC}") = "MathQuiz", "MathQuiz.csproj", "{DD772310-0DD9-4F56-B12A-61CCB6F80D62}"
EndProject
Global
	GlobalSection(SolutionConfigurationPlatforms) = preSolution
		Debug|Any CPU = Debug|Any CPU
		Release|Any CPU = Release|Any CPU
	EndGlobalSection
	GlobalSection(ProjectConfigurationPlatforms) = postSolution
		{DD772310-0DD9-4F56-B12A-61CCB6F80D62}.Debug|Any CPU.ActiveCfg = Debug|Any CPU
		{DD772310-0DD9-4F56-B12A-61CCB6F80D62}.Debug|Any CPU.Build.0 = Debug|Any CPU
		{DD772310-0DD9-4F56-B12A-61CCB6F80D62}.Release|Any CPU.ActiveCfg = Release|Any CPU
		{DD772310-0DD9-4F56-B12A-61CCB6F80D62}.Release|Any CPU.Build.0 = Release|Any CPU
	EndGlobalSection
	GlobalSection(SolutionProperties) = preSolution
		HideSolutionNode = FALSE
	EndGlobalSection
	GlobalSection(ExtensibilityGlobals) = postSolution
		SolutionGuid = {90050198-F834-43DB-9896-8980000FC445}
	EndGlobalSection
EndGlobal
